// !$*UTF8*$!
{
	archiveVersion = 1;
	classes = {
	};
	objectVersion = 46;
	objects = {

/* Begin PBXBuildFile section */
		5ABABEB31C1ED3AF00A2B957 /* FirstViewController.m in Sources */ = {isa = PBXBuildFile; fileRef = 5ABABEB21C1ED3AF00A2B957 /* FirstViewController.m */; };
		5ABABEB61C1EDD1B00A2B957 /* SecondViewController.m in Sources */ = {isa = PBXBuildFile; fileRef = 5ABABEB51C1EDD1B00A2B957 /* SecondViewController.m */; };
		5ABABEB91C1EE5E900A2B957 /* ThirdViewController.m in Sources */ = {isa = PBXBuildFile; fileRef = 5ABABEB81C1EE5E900A2B957 /* ThirdViewController.m */; };
		5ABABEBC1C1EE5F700A2B957 /* FourViewController.m in Sources */ = {isa = PBXBuildFile; fileRef = 5ABABEBB1C1EE5F700A2B957 /* FourViewController.m */; };
		5AEA6BE61C1E9402005E3305 /* main.m in Sources */ = {isa = PBXBuildFile; fileRef = 5AEA6BE51C1E9402005E3305 /* main.m */; };
		5AEA6BE91C1E9402005E3305 /* AppDelegate.m in Sources */ = {isa = PBXBuildFile; fileRef = 5AEA6BE81C1E9402005E3305 /* AppDelegate.m */; };
		5AEA6BF11C1E9405005E3305 /* Assets.xcassets in Resources */ = {isa = PBXBuildFile; fileRef = 5AEA6BF01C1E9405005E3305 /* Assets.xcassets */; };
		5AEA6BF41C1E9405005E3305 /* LaunchScreen.storyboard in Resources */ = {isa = PBXBuildFile; fileRef = 5AEA6BF21C1E9405005E3305 /* LaunchScreen.storyboard */; };
		5AEA6BFF1C1E940B005E3305 /* DFDrawerTests.m in Sources */ = {isa = PBXBuildFile; fileRef = 5AEA6BFE1C1E940B005E3305 /* DFDrawerTests.m */; };
		5AEA6C0A1C1E940B005E3305 /* DFDrawerUITests.m in Sources */ = {isa = PBXBuildFile; fileRef = 5AEA6C091C1E940B005E3305 /* DFDrawerUITests.m */; };
		5AEA6C191C1E9456005E3305 /* MiddleViewController.m in Sources */ = {isa = PBXBuildFile; fileRef = 5AEA6C181C1E9456005E3305 /* MiddleViewController.m */; };
		5AEA6C1C1C1E946F005E3305 /* MenuViewController.m in Sources */ = {isa = PBXBuildFile; fileRef = 5AEA6C1B1C1E946F005E3305 /* MenuViewController.m */; };
		5AEA6C1F1C1EB62C005E3305 /* MenuTableViewController.m in Sources */ = {isa = PBXBuildFile; fileRef = 5AEA6C1E1C1EB62C005E3305 /* MenuTableViewController.m */; };
/* End PBXBuildFile section */

/* Begin PBXContainerItemProxy section */
		5AEA6BFB1C1E940A005E3305 /* PBXContainerItemProxy */ = {
			isa = PBXContainerItemProxy;
			containerPortal = 5AEA6BD91C1E93FF005E3305 /* Project object */;
			proxyType = 1;
			remoteGlobalIDString = 5AEA6BE01C1E9400005E3305;
			remoteInfo = DFDrawer;
		};
		5AEA6C061C1E940B005E3305 /* PBXContainerItemProxy */ = {
			isa = PBXContainerItemProxy;
			containerPortal = 5AEA6BD91C1E93FF005E3305 /* Project object */;
			proxyType = 1;
			remoteGlobalIDString = 5AEA6BE01C1E9400005E3305;
			remoteInfo = DFDrawer;
		};
/* End PBXContainerItemProxy section */

/* Begin PBXFileReference section */
		5ABABEB11C1ED3AF00A2B957 /* FirstViewController.h */ = {isa = PBXFileReference; fileEncoding = 4; lastKnownFileType = sourcecode.c.h; path = FirstViewController.h; sourceTree = "<group>"; };
		5ABABEB21C1ED3AF00A2B957 /* FirstViewController.m */ = {isa = PBXFileReference; fileEncoding = 4; lastKnownFileType = sourcecode.c.objc; path = FirstViewController.m; sourceTree = "<group>"; };
		5ABABEB41C1EDD1B00A2B957 /* SecondViewController.h */ = {isa = PBXFileReference; fileEncoding = 4; lastKnownFileType = sourcecode.c.h; path = SecondViewController.h; sourceTree = "<group>"; };
		5ABABEB51C1EDD1B00A2B957 /* SecondViewController.m */ = {isa = PBXFileReference; fileEncoding = 4; lastKnownFileType = sourcecode.c.objc; path = SecondViewController.m; sourceTree = "<group>"; };
		5ABABEB71C1EE5E900A2B957 /* ThirdViewController.h */ = {isa = PBXFileReference; fileEncoding = 4; lastKnownFileType = sourcecode.c.h; path = ThirdViewController.h; sourceTree = "<group>"; };
		5ABABEB81C1EE5E900A2B957 /* ThirdViewController.m */ = {isa = PBXFileReference; fileEncoding = 4; lastKnownFileType = sourcecode.c.objc; path = ThirdViewController.m; sourceTree = "<group>"; };
		5ABABEBA1C1EE5F700A2B957 /* FourViewController.h */ = {isa = PBXFileReference; fileEncoding = 4; lastKnownFileType = sourcecode.c.h; path = FourViewController.h; sourceTree = "<group>"; };
		5ABABEBB1C1EE5F700A2B957 /* FourViewController.m */ = {isa = PBXFileReference; fileEncoding = 4; lastKnownFileType = sourcecode.c.objc; path = FourViewController.m; sourceTree = "<group>"; };
		5AEA6BE11C1E9401005E3305 /* DFDrawer.app */ = {isa = PBXFileReference; explicitFileType = wrapper.application; includeInIndex = 0; path = DFDrawer.app; sourceTree = BUILT_PRODUCTS_DIR; };
		5AEA6BE51C1E9402005E3305 /* main.m */ = {isa = PBXFileReference; lastKnownFileType = sourcecode.c.objc; path = main.m; sourceTree = "<group>"; };
		5AEA6BE71C1E9402005E3305 /* AppDelegate.h */ = {isa = PBXFileReference; lastKnownFileType = sourcecode.c.h; path = AppDelegate.h; sourceTree = "<group>"; };
		5AEA6BE81C1E9402005E3305 /* AppDelegate.m */ = {isa = PBXFileReference; lastKnownFileType = sourcecode.c.objc; path = AppDelegate.m; sourceTree = "<group>"; };
		5AEA6BF01C1E9405005E3305 /* Assets.xcassets */ = {isa = PBXFileReference; lastKnownFileType = folder.assetcatalog; path = Assets.xcassets; sourceTree = "<group>"; };
		5AEA6BF31C1E9405005E3305 /* Base */ = {isa = PBXFileReference; lastKnownFileType = file.storyboard; name = Base; path = Base.lproj/LaunchScreen.storyboard; sourceTree = "<group>"; };
		5AEA6BF51C1E9406005E3305 /* Info.plist */ = {isa = PBXFileReference; lastKnownFileType = text.plist.xml; path = Info.plist; sourceTree = "<group>"; };
		5AEA6BFA1C1E940A005E3305 /* DFDrawerTests.xctest */ = {isa = PBXFileReference; explicitFileType = wrapper.cfbundle; includeInIndex = 0; path = DFDrawerTests.xctest; sourceTree = BUILT_PRODUCTS_DIR; };
		5AEA6BFE1C1E940B005E3305 /* DFDrawerTests.m */ = {isa = PBXFileReference; lastKnownFileType = sourcecode.c.objc; path = DFDrawerTests.m; sourceTree = "<group>"; };
		5AEA6C001C1E940B005E3305 /* Info.plist */ = {isa = PBXFileReference; lastKnownFileType = text.plist.xml; path = Info.plist; sourceTree = "<group>"; };
		5AEA6C051C1E940B005E3305 /* DFDrawerUITests.xctest */ = {isa = PBXFileReference; explicitFileType = wrapper.cfbundle; includeInIndex = 0; path = DFDrawerUITests.xctest; sourceTree = BUILT_PRODUCTS_DIR; };
		5AEA6C091C1E940B005E3305 /* DFDrawerUITests.m */ = {isa = PBXFileReference; lastKnownFileType = sourcecode.c.objc; path = DFDrawerUITests.m; sourceTree = "<group>"; };
		5AEA6C0B1C1E940B005E3305 /* Info.plist */ = {isa = PBXFileReference; lastKnownFileType = text.plist.xml; path = Info.plist; sourceTree = "<group>"; };
		5AEA6C171C1E9456005E3305 /* MiddleViewController.h */ = {isa = PBXFileReference; fileEncoding = 4; lastKnownFileType = sourcecode.c.h; path = MiddleViewController.h; sourceTree = "<group>"; };
		5AEA6C181C1E9456005E3305 /* MiddleViewController.m */ = {isa = PBXFileReference; fileEncoding = 4; lastKnownFileType = sourcecode.c.objc; path = MiddleViewController.m; sourceTree = "<group>"; };
		5AEA6C1A1C1E946F005E3305 /* MenuViewController.h */ = {isa = PBXFileReference; fileEncoding = 4; lastKnownFileType = sourcecode.c.h; path = MenuViewController.h; sourceTree = "<group>"; };
		5AEA6C1B1C1E946F005E3305 /* MenuViewController.m */ = {isa = PBXFileReference; fileEncoding = 4; lastKnownFileType = sourcecode.c.objc; path = MenuViewController.m; sourceTree = "<group>"; };
		5AEA6C1D1C1EB62C005E3305 /* MenuTableViewController.h */ = {isa = PBXFileReference; fileEncoding = 4; lastKnownFileType = sourcecode.c.h; path = MenuTableViewController.h; sourceTree = "<group>"; };
		5AEA6C1E1C1EB62C005E3305 /* MenuTableViewController.m */ = {isa = PBXFileReference; fileEncoding = 4; lastKnownFileType = sourcecode.c.objc; path = MenuTableViewController.m; sourceTree = "<group>"; };
/* End PBXFileReference section */

/* Begin PBXFrameworksBuildPhase section */
		5AEA6BDE1C1E9400005E3305 /* Frameworks */ = {
			isa = PBXFrameworksBuildPhase;
			buildActionMask = 2147483647;
			files = (
			);
			runOnlyForDeploymentPostprocessing = 0;
		};
		5AEA6BF71C1E940A005E3305 /* Frameworks */ = {
			isa = PBXFrameworksBuildPhase;
			buildActionMask = 2147483647;
			files = (
			);
			runOnlyForDeploymentPostprocessing = 0;
		};
		5AEA6C021C1E940B005E3305 /* Frameworks */ = {
			isa = PBXFrameworksBuildPhase;
			buildActionMask = 2147483647;
			files = (
			);
			runOnlyForDeploymentPostprocessing = 0;
		};
/* End PBXFrameworksBuildPhase section */

/* Begin PBXGroup section */
		5AEA6BD81C1E93FF005E3305 = {
			isa = PBXGroup;
			children = (
				5AEA6BE31C1E9401005E3305 /* DFDrawer */,
				5AEA6BFD1C1E940A005E3305 /* DFDrawerTests */,
				5AEA6C081C1E940B005E3305 /* DFDrawerUITests */,
				5AEA6BE21C1E9401005E3305 /* Products */,
			);
			sourceTree = "<group>";
		};
		5AEA6BE21C1E9401005E3305 /* Products */ = {
			isa = PBXGroup;
			children = (
				5AEA6BE11C1E9401005E3305 /* DFDrawer.app */,
				5AEA6BFA1C1E940A005E3305 /* DFDrawerTests.xctest */,
				5AEA6C051C1E940B005E3305 /* DFDrawerUITests.xctest */,
			);
			name = Products;
			sourceTree = "<group>";
		};
		5AEA6BE31C1E9401005E3305 /* DFDrawer */ = {
			isa = PBXGroup;
			children = (
				5AEA6BE71C1E9402005E3305 /* AppDelegate.h */,
				5AEA6BE81C1E9402005E3305 /* AppDelegate.m */,
				5AEA6C171C1E9456005E3305 /* MiddleViewController.h */,
				5AEA6C181C1E9456005E3305 /* MiddleViewController.m */,
				5AEA6C1A1C1E946F005E3305 /* MenuViewController.h */,
				5AEA6C1B1C1E946F005E3305 /* MenuViewController.m */,
				5AEA6C1D1C1EB62C005E3305 /* MenuTableViewController.h */,
				5AEA6C1E1C1EB62C005E3305 /* MenuTableViewController.m */,
				5ABABEB11C1ED3AF00A2B957 /* FirstViewController.h */,
				5ABABEB21C1ED3AF00A2B957 /* FirstViewController.m */,
				5ABABEB41C1EDD1B00A2B957 /* SecondViewController.h */,
				5ABABEB51C1EDD1B00A2B957 /* SecondViewController.m */,
				5ABABEB71C1EE5E900A2B957 /* ThirdViewController.h */,
				5ABABEB81C1EE5E900A2B957 /* ThirdViewController.m */,
				5ABABEBA1C1EE5F700A2B957 /* FourViewController.h */,
				5ABABEBB1C1EE5F700A2B957 /* FourViewController.m */,
				5AEA6BF01C1E9405005E3305 /* Assets.xcassets */,
				5AEA6BF21C1E9405005E3305 /* LaunchScreen.storyboard */,
				5AEA6BF51C1E9406005E3305 /* Info.plist */,
				5AEA6BE41C1E9402005E3305 /* Supporting Files */,
			);
			path = DFDrawer;
			sourceTree = "<group>";
		};
		5AEA6BE41C1E9402005E3305 /* Supporting Files */ = {
			isa = PBXGroup;
			children = (
				5AEA6BE51C1E9402005E3305 /* main.m */,
			);
			name = "Supporting Files";
			sourceTree = "<group>";
		};
		5AEA6BFD1C1E940A005E3305 /* DFDrawerTests */ = {
			isa = PBXGroup;
			children = (
				5AEA6BFE1C1E940B005E3305 /* DFDrawerTests.m */,
				5AEA6C001C1E940B005E3305 /* Info.plist */,
			);
			path = DFDrawerTests;
			sourceTree = "<group>";
		};
		5AEA6C081C1E940B005E3305 /* DFDrawerUITests */ = {
			isa = PBXGroup;
			children = (
				5AEA6C091C1E940B005E3305 /* DFDrawerUITests.m */,
				5AEA6C0B1C1E940B005E3305 /* Info.plist */,
			);
			path = DFDrawerUITests;
			sourceTree = "<group>";
		};
/* End PBXGroup section */

/* Begin PBXNativeTarget section */
		5AEA6BE01C1E9400005E3305 /* DFDrawer */ = {
			isa = PBXNativeTarget;
			buildConfigurationList = 5AEA6C0E1C1E940B005E3305 /* Build configuration list for PBXNativeTarget "DFDrawer" */;
			buildPhases = (
				5AEA6BDD1C1E9400005E3305 /* Sources */,
				5AEA6BDE1C1E9400005E3305 /* Frameworks */,
				5AEA6BDF1C1E9400005E3305 /* Resources */,
			);
			buildRules = (
			);
			dependencies = (
			);
			name = DFDrawer;
			productName = DFDrawer;
			productReference = 5AEA6BE11C1E9401005E3305 /* DFDrawer.app */;
			productType = "com.apple.product-type.application";
		};
		5AEA6BF91C1E940A005E3305 /* DFDrawerTests */ = {
			isa = PBXNativeTarget;
			buildConfigurationList = 5AEA6C111C1E940B005E3305 /* Build configuration list for PBXNativeTarget "DFDrawerTests" */;
			buildPhases = (
				5AEA6BF61C1E940A005E3305 /* Sources */,
				5AEA6BF71C1E940A005E3305 /* Frameworks */,
				5AEA6BF81C1E940A005E3305 /* Resources */,
			);
			buildRules = (
			);
			dependencies = (
				5AEA6BFC1C1E940A005E3305 /* PBXTargetDependency */,
			);
			name = DFDrawerTests;
			productName = DFDrawerTests;
			productReference = 5AEA6BFA1C1E940A005E3305 /* DFDrawerTests.xctest */;
			productType = "com.apple.product-type.bundle.unit-test";
		};
		5AEA6C041C1E940B005E3305 /* DFDrawerUITests */ = {
			isa = PBXNativeTarget;
			buildConfigurationList = 5AEA6C141C1E940B005E3305 /* Build configuration list for PBXNativeTarget "DFDrawerUITests" */;
			buildPhases = (
				5AEA6C011C1E940B005E3305 /* Sources */,
				5AEA6C021C1E940B005E3305 /* Frameworks */,
				5AEA6C031C1E940B005E3305 /* Resources */,
			);
			buildRules = (
			);
			dependencies = (
				5AEA6C071C1E940B005E3305 /* PBXTargetDependency */,
			);
			name = DFDrawerUITests;
			productName = DFDrawerUITests;
			productReference = 5AEA6C051C1E940B005E3305 /* DFDrawerUITests.xctest */;
			productType = "com.apple.product-type.bundle.ui-testing";
		};
/* End PBXNativeTarget section */

/* Begin PBXProject section */
		5AEA6BD91C1E93FF005E3305 /* Project object */ = {
			isa = PBXProject;
			attributes = {
				LastUpgradeCheck = 0710;
				ORGANIZATIONNAME = "董永飞";
				TargetAttributes = {
					5AEA6BE01C1E9400005E3305 = {
						CreatedOnToolsVersion = 7.1;
					};
					5AEA6BF91C1E940A005E3305 = {
						CreatedOnToolsVersion = 7.1;
						TestTargetID = 5AEA6BE01C1E9400005E3305;
					};
					5AEA6C041C1E940B005E3305 = {
						CreatedOnToolsVersion = 7.1;
						TestTargetID = 5AEA6BE01C1E9400005E3305;
					};
				};
			};
			buildConfigurationList = 5AEA6BDC1C1E9400005E3305 /* Build configuration list for PBXProject "DFDrawer" */;
			compatibilityVersion = "Xcode 3.2";
			developmentRegion = English;
			hasScannedForEncodings = 0;
			knownRegions = (
				en,
				Base,
			);
			mainGroup = 5AEA6BD81C1E93FF005E3305;
			productRefGroup = 5AEA6BE21C1E9401005E3305 /* Products */;
			projectDirPath = "";
			projectRoot = "";
			targets = (
				5AEA6BE01C1E9400005E3305 /* DFDrawer */,
				5AEA6BF91C1E940A005E3305 /* DFDrawerTests */,
				5AEA6C041C1E940B005E3305 /* DFDrawerUITests */,
			);
		};
/* End PBXProject section */

/* Begin PBXResourcesBuildPhase section */
		5AEA6BDF1C1E9400005E3305 /* Resources */ = {
			isa = PBXResourcesBuildPhase;
			buildActionMask = 2147483647;
			files = (
				5AEA6BF41C1E9405005E3305 /* LaunchScreen.storyboard in Resources */,
				5AEA6BF11C1E9405005E3305 /* Assets.xcassets in Resources */,
			);
			runOnlyForDeploymentPostprocessing = 0;
		};
		5AEA6BF81C1E940A005E3305 /* Resources */ = {
			isa = PBXResourcesBuildPhase;
			buildActionMask = 2147483647;
			files = (
			);
			runOnlyForDeploymentPostprocessing = 0;
		};
		5AEA6C031C1E940B005E3305 /* Resources */ = {
			isa = PBXResourcesBuildPhase;
			buildActionMask = 2147483647;
			files = (
			);
			runOnlyForDeploymentPostprocessing = 0;
		};
/* End PBXResourcesBuildPhase section */

/* Begin PBXSourcesBuildPhase section */
		5AEA6BDD1C1E9400005E3305 /* Sources */ = {
			isa = PBXSourcesBuildPhase;
			buildActionMask = 2147483647;
			files = (
				5AEA6BE91C1E9402005E3305 /* AppDelegate.m in Sources */,
				5ABABEB31C1ED3AF00A2B957 /* FirstViewController.m in Sources */,
				5ABABEB91C1EE5E900A2B957 /* ThirdViewController.m in Sources */,
				5ABABEBC1C1EE5F700A2B957 /* FourViewController.m in Sources */,
				5AEA6BE61C1E9402005E3305 /* main.m in Sources */,
				5ABABEB61C1EDD1B00A2B957 /* SecondViewController.m in Sources */,
				5AEA6C191C1E9456005E3305 /* MiddleViewController.m in Sources */,
				5AEA6C1C1C1E946F005E3305 /* MenuViewController.m in Sources */,
				5AEA6C1F1C1EB62C005E3305 /* MenuTableViewController.m in Sources */,
			);
			runOnlyForDeploymentPostprocessing = 0;
		};
		5AEA6BF61C1E940A005E3305 /* Sources */ = {
			isa = PBXSourcesBuildPhase;
			buildActionMask = 2147483647;
			files = (
				5AEA6BFF1C1E940B005E3305 /* DFDrawerTests.m in Sources */,
			);
			runOnlyForDeploymentPostprocessing = 0;
		};
		5AEA6C011C1E940B005E3305 /* Sources */ = {
			isa = PBXSourcesBuildPhase;
			buildActionMask = 2147483647;
			files = (
				5AEA6C0A1C1E940B005E3305 /* DFDrawerUITests.m in Sources */,
			);
			runOnlyForDeploymentPostprocessing = 0;
		};
/* End PBXSourcesBuildPhase section */

/* Begin PBXTargetDependency section */
		5AEA6BFC1C1E940A005E3305 /* PBXTargetDependency */ = {
			isa = PBXTargetDependency;
			target = 5AEA6BE01C1E9400005E3305 /* DFDrawer */;
			targetProxy = 5AEA6BFB1C1E940A005E3305 /* PBXContainerItemProxy */;
		};
		5AEA6C071C1E940B005E3305 /* PBXTargetDependency */ = {
			isa = PBXTargetDependency;
			target = 5AEA6BE01C1E9400005E3305 /* DFDrawer */;
			targetProxy = 5AEA6C061C1E940B005E3305 /* PBXContainerItemProxy */;
		};
/* End PBXTargetDependency section */

/* Begin PBXVariantGroup section */
		5AEA6BF21C1E9405005E3305 /* LaunchScreen.storyboard */ = {
			isa = PBXVariantGroup;
			children = (
				5AEA6BF31C1E9405005E3305 /* Base */,
			);
			name = LaunchScreen.storyboard;
			sourceTree = "<group>";
		};
/* End PBXVariantGroup section */

/* Begin XCBuildConfiguration section */
		5AEA6C0C1C1E940B005E3305 /* Debug */ = {
			isa = XCBuildConfiguration;
			buildSettings = {
				ALWAYS_SEARCH_USER_PATHS = NO;
				CLANG_CXX_LANGUAGE_STANDARD = "gnu++0x";
				CLANG_CXX_LIBRARY = "libc++";
				CLANG_ENABLE_MODULES = YES;
				CLANG_ENABLE_OBJC_ARC = YES;
				CLANG_WARN_BOOL_CONVERSION = YES;
				CLANG_WARN_CONSTANT_CONVERSION = YES;
				CLANG_WARN_DIRECT_OBJC_ISA_USAGE = YES_ERROR;
				CLANG_WARN_EMPTY_BODY = YES;
				CLANG_WARN_ENUM_CONVERSION = YES;
				CLANG_WARN_INT_CONVERSION = YES;
				CLANG_WARN_OBJC_ROOT_CLASS = YES_ERROR;
				CLANG_WARN_UNREACHABLE_CODE = YES;
				CLANG_WARN__DUPLICATE_METHOD_MATCH = YES;
				"CODE_SIGN_IDENTITY[sdk=iphoneos*]" = "iPhone Developer";
				COPY_PHASE_STRIP = NO;
				DEBUG_INFORMATION_FORMAT = dwarf;
				ENABLE_STRICT_OBJC_MSGSEND = YES;
				ENABLE_TESTABILITY = YES;
				GCC_C_LANGUAGE_STANDARD = gnu99;
				GCC_DYNAMIC_NO_PIC = NO;
				GCC_NO_COMMON_BLOCKS = YES;
				GCC_OPTIMIZATION_LEVEL = 0;
				GCC_PREPROCESSOR_DEFINITIONS = (
					"DEBUG=1",
					"$(inherited)",
				);
				GCC_WARN_64_TO_32_BIT_CONVERSION = YES;
				GCC_WARN_ABOUT_RETURN_TYPE = YES_ERROR;
				GCC_WARN_UNDECLARED_SELECTOR = YES;
				GCC_WARN_UNINITIALIZED_AUTOS = YES_AGGRESSIVE;
				GCC_WARN_UNUSED_FUNCTION = YES;
				GCC_WARN_UNUSED_VARIABLE = YES;
				IPHONEOS_DEPLOYMENT_TARGET = 9.1;
				MTL_ENABLE_DEBUG_INFO = YES;
				ONLY_ACTIVE_ARCH = YES;
				SDKROOT = iphoneos;
			};
			name = Debug;
		};
		5AEA6C0D1C1E940B005E3305 /* Release */ = {
			isa = XCBuildConfiguration;
			buildSettings = {
				ALWAYS_SEARCH_USER_PATHS = NO;
				CLANG_CXX_LANGUAGE_STANDARD = "gnu++0x";
				CLANG_CXX_LIBRARY = "libc++";
				CLANG_ENABLE_MODULES = YES;
				CLANG_ENABLE_OBJC_ARC = YES;
				CLANG_WARN_BOOL_CONVERSION = YES;
				CLANG_WARN_CONSTANT_CONVERSION = YES;
				CLANG_WARN_DIRECT_OBJC_ISA_USAGE = YES_ERROR;
				CLANG_WARN_EMPTY_BODY = YES;
				CLANG_WARN_ENUM_CONVERSION = YES;
				CLANG_WARN_INT_CONVERSION = YES;
				CLANG_WARN_OBJC_ROOT_CLASS = YES_ERROR;
				CLANG_WARN_UNREACHABLE_CODE = YES;
				CLANG_WARN__DUPLICATE_METHOD_MATCH = YES;
				"CODE_SIGN_IDENTITY[sdk=iphoneos*]" = "iPhone Developer";
				COPY_PHASE_STRIP = NO;
				DEBUG_INFORMATION_FORMAT = "dwarf-with-dsym";
				ENABLE_NS_ASSERTIONS = NO;
				ENABLE_STRICT_OBJC_MSGSEND = YES;
				GCC_C_LANGUAGE_STANDARD = gnu99;
				GCC_NO_COMMON_BLOCKS = YES;
				GCC_WARN_64_TO_32_BIT_CONVERSION = YES;
				GCC_WARN_ABOUT_RETURN_TYPE = YES_ERROR;
				GCC_WARN_UNDECLARED_SELECTOR = YES;
				GCC_WARN_UNINITIALIZED_AUTOS = YES_AGGRESSIVE;
				GCC_WARN_UNUSED_FUNCTION = YES;
				GCC_WARN_UNUSED_VARIABLE = YES;
				IPHONEOS_DEPLOYMENT_TARGET = 9.1;
				MTL_ENABLE_DEBUG_INFO = NO;
				SDKROOT = iphoneos;
				VALIDATE_PRODUCT = YES;
			};
			name = Release;
		};
		5AEA6C0F1C1E940B005E3305 /* Debug */ = {
			isa = XCBuildConfiguration;
			buildSettings = {
				ASSETCATALOG_COMPILER_APPICON_NAME = AppIcon;
				INFOPLIST_FILE = DFDrawer/Info.plist;
				LD_RUNPATH_SEARCH_PATHS = "$(inherited) @executable_path/Frameworks";
				PRODUCT_BUNDLE_IDENTIFIER = com.ong.DFDrawer;
				PRODUCT_NAME = "$(TARGET_NAME)";
			};
			name = Debug;
		};
		5AEA6C101C1E940B005E3305 /* Release */ = {
			isa = XCBuildConfiguration;
			buildSettings = {
				ASSETCATALOG_COMPILER_APPICON_NAME = AppIcon;
				INFOPLIST_FILE = DFDrawer/Info.plist;
				LD_RUNPATH_SEARCH_PATHS = "$(inherited) @executable_path/Frameworks";
				PRODUCT_BUNDLE_IDENTIFIER = com.ong.DFDrawer;
				PRODUCT_NAME = "$(TARGET_NAME)";
			};
			name = Release;
		};
		5AEA6C121C1E940B005E3305 /* Debug */ = {
			isa = XCBuildConfiguration;
			buildSettings = {
				BUNDLE_LOADER = "$(TEST_HOST)";
				INFOPLIST_FILE = DFDrawerTests/Info.plist;
				LD_RUNPATH_SEARCH_PATHS = "$(inherited) @executable_path/Frameworks @loader_path/Frameworks";
				PRODUCT_BUNDLE_IDENTIFIER = com.ong.DFDrawerTests;
				PRODUCT_NAME = "$(TARGET_NAME)";
				TEST_HOST = "$(BUILT_PRODUCTS_DIR)/DFDrawer.app/DFDrawer";
			};
			name = Debug;
		};
		5AEA6C131C1E940B005E3305 /* Release */ = {
			isa = XCBuildConfiguration;
			buildSettings = {
				BUNDLE_LOADER = "$(TEST_HOST)";
				INFOPLIST_FILE = DFDrawerTests/Info.plist;
				LD_RUNPATH_SEARCH_PATHS = "$(inherited) @executable_path/Frameworks @loader_path/Frameworks";
				PRODUCT_BUNDLE_IDENTIFIER = com.ong.DFDrawerTests;
				PRODUCT_NAME = "$(TARGET_NAME)";
				TEST_HOST = "$(BUILT_PRODUCTS_DIR)/DFDrawer.app/DFDrawer";
			};
			name = Release;
		};
		5AEA6C151C1E940B005E3305 /* Debug */ = {
			isa = XCBuildConfiguration;
			buildSettings = {
				INFOPLIST_FILE = DFDrawerUITests/Info.plist;
				LD_RUNPATH_SEARCH_PATHS = "$(inherited) @executable_path/Frameworks @loader_path/Frameworks";
				PRODUCT_BUNDLE_IDENTIFIER = com.ong.DFDrawerUITests;
				PRODUCT_NAME = "$(TARGET_NAME)";
				TEST_TARGET_NAME = DFDrawer;
				USES_XCTRUNNER = YES;
			};
			name = Debug;
		};
		5AEA6C161C1E940B005E3305 /* Release */ = {
			isa = XCBuildConfiguration;
			buildSettings = {
				INFOPLIST_FILE = DFDrawerUITests/Info.plist;
				LD_RUNPATH_SEARCH_PATHS = "$(inherited) @executable_path/Frameworks @loader_path/Frameworks";
				PRODUCT_BUNDLE_IDENTIFIER = com.ong.DFDrawerUITests;
				PRODUCT_NAME = "$(TARGET_NAME)";
				TEST_TARGET_NAME = DFDrawer;
				USES_XCTRUNNER = YES;
			};
			name = Release;
		};
/* End XCBuildConfiguration section */

/* Begin XCConfigurationList section */
		5AEA6BDC1C1E9400005E3305 /* Build configuration list for PBXProject "DFDrawer" */ = {
			isa = XCConfigurationList;
			buildConfigurations = (
				5AEA6C0C1C1E940B005E3305 /* Debug */,
				5AEA6C0D1C1E940B005E3305 /* Release */,
			);
			defaultConfigurationIsVisible = 0;
			defaultConfigurationName = Release;
		};
		5AEA6C0E1C1E940B005E3305 /* Build configuration list for PBXNativeTarget "DFDrawer" */ = {
			isa = XCConfigurationList;
			buildConfigurations = (
				5AEA6C0F1C1E940B005E3305 /* Debug */,
				5AEA6C101C1E940B005E3305 /* Release */,
			);
			defaultConfigurationIsVisible = 0;
			defaultConfigurationName = Release;
		};
		5AEA6C111C1E940B005E3305 /* Build configuration list for PBXNativeTarget "DFDrawerTests" */ = {
			isa = XCConfigurationList;
			buildConfigurations = (
				5AEA6C121C1E940B005E3305 /* Debug */,
				5AEA6C131C1E940B005E3305 /* Release */,
			);
			defaultConfigurationIsVisible = 0;
			defaultConfigurationName = Release;
		};
		5AEA6C141C1E940B005E3305 /* Build configuration list for PBXNativeTarget "DFDrawerUITests" */ = {
			isa = XCConfigurationList;
			buildConfigurations = (
				5AEA6C151C1E940B005E3305 /* Debug */,
				5AEA6C161C1E940B005E3305 /* Release */,
			);
			defaultConfigurationIsVisible = 0;
			defaultConfigurationName = Release;
		};
/* End XCConfigurationList section */
	};
	rootObject = 5AEA6BD91C1E93FF005E3305 /* Project object */;
}
